# THIS IS AN AUTOGENERATED FILE. DO NOT EDIT THIS FILE DIRECTLY.
assets/TheinhardtLight-Regular.eot:
  development: 2017-11-14T11:42:58+00:00   7a75ebb088741da25c8201e48710bf91
assets/TheinhardtLight-Regular.svg:
  development: 2017-11-14T11:42:59+00:00   f6d565c0415ef5343cd5f351d55d3d59
assets/TheinhardtMedium-Regular.eot:
  development: 2017-11-14T11:43:00+00:00   bf13ede2986f0f73cd32880af25421b8
assets/TheinhardtMedium-Regular.svg:
  development: 2017-11-14T11:43:01+00:00   1d200b611a99feb51bfde536c2d86de7
assets/css_main.scss.liquid:
  development: 2017-11-16T16:09:41+00:00   501b9e341af74d3d9d7d7eebfe4d4e39
assets/css_naked.scss.liquid:
  development: 2017-10-20T14:19:17+01:00   f9f4c5fa90da5dc9da4571e2728e0b5a
assets/css_noscript.scss.liquid:
  development: 2017-10-20T14:19:17+01:00   ba80376426ee690d5ad229beaf2fb7e3
assets/gift-card.scss.liquid:
  development: 2017-10-20T14:19:17+01:00   91d51653e33b3619fe698730e6cd2fe7
assets/img_avatar.jpg:
  development: 2017-10-20T14:19:17+01:00   18b604afdd77b156c5beca8928c24fdc
assets/img_marker-dark.png:
  development: 2017-10-20T14:19:17+01:00   95d28557b6b0cbb0dd3e47eba3cb687b
assets/img_marker-light.png:
  development: 2017-10-20T14:19:17+01:00   eadcca54143a766af0dd72e6cc4723aa
assets/js_main.dev.js:
  development: 2017-11-16T16:52:05+00:00   8f25c5870bf08f8c4c1e2293d6de3e99
assets/js_main.min.js:
  development: 2017-10-23T16:46:26+01:00   9d1a64cb674e28a6000d23db6cb94e3e
assets/js_plugins.min.js:
  development: 2017-10-20T14:19:18+01:00   d457e407fb86c14acb3ee98ccd63b30e
assets/renner-bold-webfont.eot:
  development: 2017-11-09T10:20:19+00:00   b0dbfff445815bea861bbcac9dbde55c
assets/renner-bold-webfont.ttf:
  development: 2017-11-09T10:20:18+00:00   81b4679a1c7d84fd3cab2f87288d5b30
assets/renner-bold-webfont.woff:
  development: 2017-11-09T10:20:18+00:00   fd8f7707fea33bffd22bac2988cc344d
assets/renner-book-webfont.eot:
  development: 2017-11-09T10:21:41+00:00   cc144fc33ad2bd0ca5aa257f4f2351f4
assets/renner-book-webfont.ttf:
  development: 2017-11-09T10:21:41+00:00   f59057e3fe2ac338069c3cf34c3ed463
assets/renner-book-webfont.woff:
  development: 2017-11-09T10:21:42+00:00   9fe2c57f71aaacb475446003aad764db
assets/renner-medium-webfont.eot:
  development: 2017-11-09T10:21:35+00:00   ff99a00a14877048d6515bfee1f829b1
assets/renner-medium-webfont.ttf:
  development: 2017-11-09T10:21:35+00:00   f199e4d8180f3bcfe4b9be8d8e9a6d63
assets/renner-medium-webfont.woff:
  development: 2017-11-09T10:21:35+00:00   d6f7a1147e67b0913548e242f632d400
assets/svg_collection-1.svg.liquid:
  development: 2017-10-20T14:19:18+01:00   df894c53089f76aece2d93dce5d090b7
assets/svg_collection-2.svg.liquid:
  development: 2017-10-20T14:19:18+01:00   b8937fec2c92078e041e4dac9237c779
assets/svg_collection-3.svg.liquid:
  development: 2017-10-20T14:19:18+01:00   b6ef5bdaa77e59e4eef724729ec3ddce
assets/svg_collection-4.svg.liquid:
  development: 2017-10-20T14:19:18+01:00   eceec1458186b402984270142dd1e7e9
assets/svg_collection-5.svg.liquid:
  development: 2017-10-20T14:19:18+01:00   297a4710e6f87873a5edc4d03fab01e6
assets/svg_collection-6.svg.liquid:
  development: 2017-10-20T14:19:18+01:00   9aa1c66022cb9a426e4a941886451767
assets/svg_lifestyle-1.svg.liquid:
  development: 2017-10-20T14:19:18+01:00   4de41b4add52c2913ac18b35beb45307
assets/svg_lifestyle-2.svg.liquid:
  development: 2017-10-20T14:19:18+01:00   290ea0fb79f46d888043d66ede493929
assets/svg_logo.svg.liquid:
  development: 2017-11-08T16:50:37+00:00   55980430af06a3944715783d47469a7d
assets/svg_product-1.svg.liquid:
  development: 2017-10-20T14:19:18+01:00   92c9f21887296a246e5e1d03d05060a8
assets/svg_product-2.svg.liquid:
  development: 2017-10-20T14:19:18+01:00   4f7498ea2998a560e7dfcec59f3440b7
assets/svg_product-3.svg.liquid:
  development: 2017-10-20T14:19:18+01:00   806e215a72bf28132fbaa5b7e8f32904
assets/svg_product-4.svg.liquid:
  development: 2017-10-20T14:19:18+01:00   65cc93b99c1f6cf239679e715a6f193e
assets/svg_product-5.svg.liquid:
  development: 2017-10-20T14:19:18+01:00   d6861baaceb7073530062a2274353179
assets/svg_product-6.svg.liquid:
  development: 2017-10-20T14:19:18+01:00   e2f467fee552d567c96a4b48e49b750e
config/settings_data.json:
  development: 2017-11-14T16:12:20+00:00   7a8772ab5216820f72996b2f80f09720
config/settings_schema.json:
  development: 2017-11-09T12:13:19+00:00   45c6c7f0df7868271e76ccdd26403fbf
layout/theme.liquid:
  development: 2017-11-13T22:31:46+00:00   643769c486052f201ffc5354258a864d
locales/en.default.json:
  development: 2017-11-09T15:42:36+00:00   e22f74c658944eb4b48f5c5cf82c887a
sections/article.liquid:
  development: 2017-11-16T15:43:31+00:00   1d5ba340db5de7d65139fed1e6733fd4
sections/artist.liquid:
  development: 2017-11-09T11:44:10+00:00   e1fbd392901255dcbf382834c78006f4
sections/artist_slideshow.liquid:
  development: 2017-11-13T10:51:01+00:00   9701f95537494e452156005944d6b847
sections/blog.liquid:
  development: 2017-11-09T10:49:38+00:00   dbba793846be1d18945a8d4d96296aa2
sections/blog_slideshow.liquid:
  development: 2017-11-13T10:50:59+00:00   b3cd90d7b76cc452f63b7e24fbe86825
sections/collection.liquid:
  development: 2017-11-16T15:47:34+00:00   def0e28d2b640031751ae65dfa8000e0
sections/contact.liquid:
  development: 2017-10-20T14:19:16+01:00   2e8ad39cf16c8a217e51ac54f7f3b9a7
sections/footer.liquid:
  development: 2017-11-08T20:01:52+00:00   372cded04215f5d3441b639a4d6aa4b1
sections/header.liquid:
  development: 2017-11-15T11:24:33+00:00   a346207de8cb5c464880a8adcd355e0a
sections/home_blog-posts.liquid:
  development: 2017-11-15T11:12:59+00:00   c90c03d088db7660fa00a9d1338f2b5e
sections/home_collection.liquid:
  development: 2017-11-16T15:45:44+00:00   8ef738746bcc2310c641508058a6a6fb
sections/home_image-text.liquid:
  development: 2017-10-20T14:19:16+01:00   4bccf40230e8cd0b576f0db2e106bfdd
sections/home_rich-text.liquid:
  development: 2017-10-20T14:19:16+01:00   ef3f5c45bbff09c3b5b534f8beeff444
sections/home_slideshow.liquid:
  development: 2017-11-14T15:58:07+00:00   4239588174372ff300d21e7c4333c9ef
sections/home_social-feed.liquid:
  development: 2017-11-13T16:18:16+00:00   5f7236863dae462bed14d02858466437
sections/home_testimonials.liquid:
  development: 2017-10-20T14:19:16+01:00   1527cef3f342456ddcccab6985e104f2
sections/home_video.liquid:
  development: 2017-10-20T14:19:16+01:00   6df46679188fdf9074255f622a56ed81
sections/intro-message.liquid:
  development: 2017-11-10T11:53:29+00:00   df735c6c5d44dd6e5fa09c5907b84ffb
sections/popup.liquid:
  development: 2017-10-20T14:19:16+01:00   3f1b1868b50132d49814078c2b7aa664
sections/product.liquid:
  development: 2017-11-16T16:46:52+00:00   6b5a6704f94ccd8c532c0d500bec3773
snippets/article_comments.liquid:
  development: 2017-10-20T14:19:18+01:00   fdcd0ccb744e036bffb815922e3b615c
snippets/asset_svg.liquid:
  development: 2017-11-14T16:14:18+00:00   53e46b08bb930652dbd2e84f00bd3da9
snippets/blog_post-blank.liquid:
  development: 2017-11-08T20:29:48+00:00   bc581210165f8f064c1e0dee9f3bbeb8
snippets/blog_post-content.liquid:
  development: 2017-11-08T20:43:05+00:00   298ddc32346167d775a2846dce32897f
snippets/cart_form.liquid:
  development: 2017-11-15T12:05:44+00:00   2937ff4d6a0c2b56febb6ffb84e20c96
snippets/collection_collection-content.liquid:
  development: 2017-10-20T14:19:19+01:00   3bdbdfc981f601d746c598cc996930e7
snippets/collection_product-blank.liquid:
  development: 2017-10-20T14:19:19+01:00   abce8ea2bdc389139f49b5d4c9ac21b6
snippets/collection_product-content.liquid:
  development: 2017-11-14T16:29:15+00:00   5c79d8bd93c10f51efeae49ef863c7e8
snippets/footer_content-contact.liquid:
  development: 2017-10-20T14:19:19+01:00   a059a51e28d6a769f5cdf90d1ad27cca
snippets/footer_content-menu.liquid:
  development: 2017-11-13T19:52:00+00:00   5994d753e6c1c6c0a6ab99f74c3a6ce1
snippets/footer_content-newsletter.liquid:
  development: 2017-11-08T18:22:12+00:00   b930f7aedd5bd81db2be74ec59d13489
snippets/footer_content-payment.liquid:
  development: 2017-10-20T14:19:19+01:00   ae21e4a31164ee7de6a68074eab11e4b
snippets/footer_content-social.liquid:
  development: 2017-10-20T14:19:19+01:00   9cd1ad5cbfad83f5266b109c31668013
snippets/head_fonts.liquid:
  development: 2017-10-20T14:19:19+01:00   4a260558a086b222e8fa9c6d96d08871
snippets/header_footer-payment.liquid:
  development: 2017-10-20T14:19:19+01:00   9d1d4943e6e1f44d7f2fee677f15b6af
snippets/header_footer-social.liquid:
  development: 2017-10-20T14:19:19+01:00   07c42e8d64cbdb025e4f445946574cf7
snippets/header_nav-menu.liquid:
  development: 2017-11-13T15:22:31+00:00   e6e5eeeb8b7b059abe9a8fba81144987
snippets/image_text-content.liquid:
  development: 2017-10-20T14:19:19+01:00   abbe21df18a82e93c4b3582cab6bd399
snippets/pagination.liquid:
  development: 2017-10-20T14:19:19+01:00   47c007736a2363429b5e57e84a70371c
snippets/product_badges.liquid:
  development: 2017-10-20T14:19:19+01:00   094cbb68157d7a2159628a7996087efc
snippets/product_breadcrumb.liquid:
  development: 2017-11-15T11:18:07+00:00   3eafe631b4b1d977ac6f33a666e48491
snippets/product_related.liquid:
  development: 2017-11-09T14:31:51+00:00   7d3b8f5c2b6f3b5d70cd212c1f8cb517
snippets/search_bar.liquid:
  development: 2017-10-20T14:19:19+01:00   45f367d754baf6bc44ea24a5ef18e3dc
snippets/sidebar_content-cart.liquid:
  development: 2017-10-20T14:19:19+01:00   6c255aa74a39b072e3ba971a5a425275
snippets/sidebar_content-filters.liquid:
  development: 2017-10-20T14:19:19+01:00   6808b6c74d68267ff58116ab984fa5d1
snippets/sidebar_content-menu.liquid:
  development: 2017-11-13T11:14:41+00:00   93193f6b93ae1437fb5a3f12b4c28d5e
snippets/sidebar_content-search.liquid:
  development: 2017-10-20T14:19:19+01:00   4fbdb25f1b92f2a7880ab112798c5f90
snippets/slideshow_content.liquid:
  development: 2017-10-20T14:19:19+01:00   dcf379ae370479aa4422c0644039bb2f
snippets/social_meta.liquid:
  development: 2017-10-20T14:19:20+01:00   94ffd5e78b601fe7324d3893077102b7
snippets/social_sharing.liquid:
  development: 2017-10-23T16:46:26+01:00   e8954c3aa94c572ed32934db0ca83372
templates/404.liquid:
  development: 2017-10-20T14:19:20+01:00   a160ec1f714313f307b90e7019559fcb
templates/article.liquid:
  development: 2017-10-20T14:19:20+01:00   357fa64339bd70e38e9308be694cd73d
templates/artist.liquid:
  development: 2017-11-09T11:36:11+00:00   f2c09c8d6490885884367b5dfa728a79
templates/blog.liquid:
  development: 2017-11-09T11:01:22+00:00   a64750f4dacff069795750b0e8c0c377
templates/cart.liquid:
  development: 2017-11-13T22:27:01+00:00   e0f808930dd014a30c9087613459e659
templates/collection.liquid:
  development: 2017-11-09T16:57:53+00:00   1aa37a3a4231b6d0c5d67e82303d1ddf
templates/customers/account.liquid:
  development: 2017-10-20T14:19:20+01:00   ca766fa69c7c0ad04a43b78abbb63a24
templates/customers/activate_account.liquid:
  development: 2017-10-20T14:19:20+01:00   11deebaedec7bdd6dfaf33c51f0d46ad
templates/customers/addresses.liquid:
  development: 2017-10-20T14:19:20+01:00   989f7e49de4b328574adc720eb3bcd0d
templates/customers/login.liquid:
  development: 2017-10-20T14:19:20+01:00   e3888ce5974638054b838e891970b2ce
templates/customers/order.liquid:
  development: 2017-10-20T14:19:20+01:00   f04546c8d3c97cf2a60a0ef2aa388fa8
templates/customers/register.liquid:
  development: 2017-10-20T14:19:20+01:00   899523d9eeee1e2314990c5a5c55fb21
templates/customers/reset_password.liquid:
  development: 2017-10-20T14:19:20+01:00   65634166980d159dba159cf0c2f69139
templates/gift_card.liquid:
  development: 2017-10-20T14:19:20+01:00   ceb4b2d3d96fca291034b4b861e5ac13
templates/index.liquid:
  development: 2017-11-09T10:57:52+00:00   82fe9cc6825e4ad5b49a8317a825744b
templates/list-collections.liquid:
  development: 2017-10-20T14:19:20+01:00   16d4dec18e1e7bd776d7aa79a451fad0
templates/page.artist.liquid:
  development: 2017-11-09T11:31:05+00:00   b2a7213f58591dd06bdacb34415d2428
templates/page.contact.liquid:
  development: 2017-10-20T14:19:20+01:00   21812286023caff999958bae7cd05a89
templates/page.fullwidth.liquid:
  development: 2017-10-20T14:19:20+01:00   19ff82f02f43b1d635e3744a12fe028d
templates/page.liquid:
  development: 2017-11-13T15:25:38+00:00   4fb1fae2ec5d3946626c2e389aea963e
templates/password.liquid:
  development: 2017-10-20T14:19:20+01:00   88e17bbf6b1dd82e4878309cb8ee44bf
templates/product.liquid:
  development: 2017-11-16T16:50:01+00:00   de50a3b92e9257d0042edf9dfe26a306
templates/search.liquid:
  development: 2017-10-20T14:19:20+01:00   249d26ad739e1885ef4f50589ff2c2af
